// !$*UTF8*$!
{
	archiveVersion = 1;
	classes = {
	};
	objectVersion = 50;
	objects = {

/* Begin PBXBuildFile section */
		9528754727CBD7CE00281863 /* AnalyticsVisualModel.swift in Sources */ = {isa = PBXBuildFile; fileRef = 9528754627CBD7CE00281863 /* AnalyticsVisualModel.swift */; };
		9529093427F8B46200B24C4B /* ScheduleView.swift in Sources */ = {isa = PBXBuildFile; fileRef = 9529093327F8B46200B24C4B /* ScheduleView.swift */; };
		9529093627F8B47A00B24C4B /* ScheduleViewModel.swift in Sources */ = {isa = PBXBuildFile; fileRef = 9529093527F8B47A00B24C4B /* ScheduleViewModel.swift */; };
		9529093B27F8B70600B24C4B /* ScheduleService.swift in Sources */ = {isa = PBXBuildFile; fileRef = 9529093A27F8B70600B24C4B /* ScheduleService.swift */; };
		9529093E27F8B82900B24C4B /* ScheduleTime.swift in Sources */ = {isa = PBXBuildFile; fileRef = 9529093D27F8B82900B24C4B /* ScheduleTime.swift */; };
		9529094027F8B9EC00B24C4B /* ScheduleTimeViewModel.swift in Sources */ = {isa = PBXBuildFile; fileRef = 9529093F27F8B9EC00B24C4B /* ScheduleTimeViewModel.swift */; };
		954486082808AFDD007FF3EC /* AppSettingsView.swift in Sources */ = {isa = PBXBuildFile; fileRef = 954486072808AFDD007FF3EC /* AppSettingsView.swift */; };
		9544860A2808B074007FF3EC /* AppSettingsViewModel.swift in Sources */ = {isa = PBXBuildFile; fileRef = 954486092808B074007FF3EC /* AppSettingsViewModel.swift */; };
		9544860D2808B2B6007FF3EC /* AppSettingsVisualModel.swift in Sources */ = {isa = PBXBuildFile; fileRef = 9544860C2808B2B6007FF3EC /* AppSettingsVisualModel.swift */; };
		9544860F2808B3AA007FF3EC /* Bundle+Extension.swift in Sources */ = {isa = PBXBuildFile; fileRef = 9544860E2808B3AA007FF3EC /* Bundle+Extension.swift */; };
		95615270278F3C3400205A0D /* Digital_Farm_iOSApp.swift in Sources */ = {isa = PBXBuildFile; fileRef = 9561526F278F3C3400205A0D /* Digital_Farm_iOSApp.swift */; };
		95615272278F3C3400205A0D /* RootView.swift in Sources */ = {isa = PBXBuildFile; fileRef = 95615271278F3C3400205A0D /* RootView.swift */; };
		95615274278F3C3500205A0D /* Assets.xcassets in Resources */ = {isa = PBXBuildFile; fileRef = 95615273278F3C3500205A0D /* Assets.xcassets */; };
		95615277278F3C3500205A0D /* Preview Assets.xcassets in Resources */ = {isa = PBXBuildFile; fileRef = 95615276278F3C3500205A0D /* Preview Assets.xcassets */; };
		9561528D278F3C3600205A0D /* Digital_Farm_iOSUITests.swift in Sources */ = {isa = PBXBuildFile; fileRef = 9561528C278F3C3600205A0D /* Digital_Farm_iOSUITests.swift */; };
		95615C85278F45C000205A0D /* MainScreenView.swift in Sources */ = {isa = PBXBuildFile; fileRef = 95615C84278F45C000205A0D /* MainScreenView.swift */; };
		95615C88278F460500205A0D /* MainScreenViewModel.swift in Sources */ = {isa = PBXBuildFile; fileRef = 95615C87278F460500205A0D /* MainScreenViewModel.swift */; };
		95615C8B278F470300205A0D /* InternetDevice.swift in Sources */ = {isa = PBXBuildFile; fileRef = 95615C8A278F470300205A0D /* InternetDevice.swift */; };
		9561705F278F683200205A0D /* Localizable.strings in Resources */ = {isa = PBXBuildFile; fileRef = 95617061278F683200205A0D /* Localizable.strings */; };
		95617067278F697800205A0D /* Localized.swift in Sources */ = {isa = PBXBuildFile; fileRef = 95617066278F697800205A0D /* Localized.swift */; };
		9561706A278F6CC400205A0D /* DeviceService.swift in Sources */ = {isa = PBXBuildFile; fileRef = 95617069278F6CC400205A0D /* DeviceService.swift */; };
		9561706C278F71FA00205A0D /* DeviceCellView.swift in Sources */ = {isa = PBXBuildFile; fileRef = 9561706B278F71FA00205A0D /* DeviceCellView.swift */; };
		9561706F278F725700205A0D /* DeviceCellViewModel.swift in Sources */ = {isa = PBXBuildFile; fileRef = 9561706E278F725700205A0D /* DeviceCellViewModel.swift */; };
		9561E7D227947D4300205A0D /* FeedPusherView.swift in Sources */ = {isa = PBXBuildFile; fileRef = 9561E7D127947D4200205A0D /* FeedPusherView.swift */; };
		9561E7D427947D7800205A0D /* FeedPusherViewModel.swift in Sources */ = {isa = PBXBuildFile; fileRef = 9561E7D327947D7800205A0D /* FeedPusherViewModel.swift */; };
		9561E7D7279482C400205A0D /* FeedPusherService.swift in Sources */ = {isa = PBXBuildFile; fileRef = 9561E7D6279482C400205A0D /* FeedPusherService.swift */; };
		9561E7DA2794831900205A0D /* FeedPusher.swift in Sources */ = {isa = PBXBuildFile; fileRef = 9561E7D92794831900205A0D /* FeedPusher.swift */; };
		9561E7DD27949CC600205A0D /* InterestStateView.swift in Sources */ = {isa = PBXBuildFile; fileRef = 9561E7DC27949CC600205A0D /* InterestStateView.swift */; };
		9561E7DF27949CF800205A0D /* InterestStateViewModel.swift in Sources */ = {isa = PBXBuildFile; fileRef = 9561E7DE27949CF800205A0D /* InterestStateViewModel.swift */; };
		9561E7E127949D2100205A0D /* Progress.swift in Sources */ = {isa = PBXBuildFile; fileRef = 9561E7E027949D2100205A0D /* Progress.swift */; };
		9561E7E32794A06300205A0D /* ProgressBar.swift in Sources */ = {isa = PBXBuildFile; fileRef = 9561E7E22794A06300205A0D /* ProgressBar.swift */; };
		956DCBBC280C3BA700E40DF9 /* UIApplication+Extension.swift in Sources */ = {isa = PBXBuildFile; fileRef = 956DCBBB280C3BA700E40DF9 /* UIApplication+Extension.swift */; };
		959EFC0427B80CCD005ED09F /* AnalyticsView.swift in Sources */ = {isa = PBXBuildFile; fileRef = 959EFC0327B80CCD005ED09F /* AnalyticsView.swift */; };
		959EFC0627B80CE1005ED09F /* AnalyticsViewModel.swift in Sources */ = {isa = PBXBuildFile; fileRef = 959EFC0527B80CE1005ED09F /* AnalyticsViewModel.swift */; };
		959EFC0A27B815A2005ED09F /* AnalyticsService.swift in Sources */ = {isa = PBXBuildFile; fileRef = 959EFC0927B815A2005ED09F /* AnalyticsService.swift */; };
		959EFC0C27B815D2005ED09F /* Analytics.swift in Sources */ = {isa = PBXBuildFile; fileRef = 959EFC0B27B815D2005ED09F /* Analytics.swift */; };
		95E0386B279F178100ACC9E2 /* InternetDeviceVisualModel.swift in Sources */ = {isa = PBXBuildFile; fileRef = 95E0386A279F178100ACC9E2 /* InternetDeviceVisualModel.swift */; };
		95E0DEAF279D837500ACC9E2 /* ServiceMenuView.swift in Sources */ = {isa = PBXBuildFile; fileRef = 95E0DEAE279D837500ACC9E2 /* ServiceMenuView.swift */; };
		95E0DEB1279D838A00ACC9E2 /* ServiceMenuViewModel.swift in Sources */ = {isa = PBXBuildFile; fileRef = 95E0DEB0279D838A00ACC9E2 /* ServiceMenuViewModel.swift */; };
		95E0DEB5279D89D900ACC9E2 /* FeedPusherComponent.swift in Sources */ = {isa = PBXBuildFile; fileRef = 95E0DEB4279D89D900ACC9E2 /* FeedPusherComponent.swift */; };
		95E0DEB7279D8AF500ACC9E2 /* ComponentsStatusService.swift in Sources */ = {isa = PBXBuildFile; fileRef = 95E0DEB6279D8AF500ACC9E2 /* ComponentsStatusService.swift */; };
		95E0DEB9279D8F0600ACC9E2 /* FeedPusherComponentVisualModel.swift in Sources */ = {isa = PBXBuildFile; fileRef = 95E0DEB8279D8F0600ACC9E2 /* FeedPusherComponentVisualModel.swift */; };
		95E3256B27B17C9600B5BD55 /* FeedPusherVisualModel.swift in Sources */ = {isa = PBXBuildFile; fileRef = 95E3256A27B17C9600B5BD55 /* FeedPusherVisualModel.swift */; };
		95E3256E27B18B3800B5BD55 /* RemoteControlView.swift in Sources */ = {isa = PBXBuildFile; fileRef = 95E3256D27B18B3800B5BD55 /* RemoteControlView.swift */; };
		95E3257027B18B5300B5BD55 /* RemoteControlViewModel.swift in Sources */ = {isa = PBXBuildFile; fileRef = 95E3256F27B18B5300B5BD55 /* RemoteControlViewModel.swift */; };
		95EBD9242798797D00BC4607 /* FeedPusherAction.swift in Sources */ = {isa = PBXBuildFile; fileRef = 95EBD9232798797D00BC4607 /* FeedPusherAction.swift */; };
		95EBD9262798855B00BC4607 /* ActionView.swift in Sources */ = {isa = PBXBuildFile; fileRef = 95EBD9252798855B00BC4607 /* ActionView.swift */; };
		95EBD92C27988F9B00BC4607 /* Digital_Farm_iOSTests.swift in Sources */ = {isa = PBXBuildFile; fileRef = 95EBD92A27988F9B00BC4607 /* Digital_Farm_iOSTests.swift */; };
/* End PBXBuildFile section */

/* Begin PBXContainerItemProxy section */
		9561527E278F3C3600205A0D /* PBXContainerItemProxy */ = {
			isa = PBXContainerItemProxy;
			containerPortal = 95615264278F3C3400205A0D /* Project object */;
			proxyType = 1;
			remoteGlobalIDString = 9561526B278F3C3400205A0D;
			remoteInfo = "Digital-Farm-iOS";
		};
		95615289278F3C3600205A0D /* PBXContainerItemProxy */ = {
			isa = PBXContainerItemProxy;
			containerPortal = 95615264278F3C3400205A0D /* Project object */;
			proxyType = 1;
			remoteGlobalIDString = 9561526B278F3C3400205A0D;
			remoteInfo = "Digital-Farm-iOS";
		};
/* End PBXContainerItemProxy section */

/* Begin PBXFileReference section */
		9528754627CBD7CE00281863 /* AnalyticsVisualModel.swift */ = {isa = PBXFileReference; lastKnownFileType = sourcecode.swift; path = AnalyticsVisualModel.swift; sourceTree = "<group>"; };
		9529093327F8B46200B24C4B /* ScheduleView.swift */ = {isa = PBXFileReference; lastKnownFileType = sourcecode.swift; path = ScheduleView.swift; sourceTree = "<group>"; };
		9529093527F8B47A00B24C4B /* ScheduleViewModel.swift */ = {isa = PBXFileReference; lastKnownFileType = sourcecode.swift; path = ScheduleViewModel.swift; sourceTree = "<group>"; };
		9529093A27F8B70600B24C4B /* ScheduleService.swift */ = {isa = PBXFileReference; lastKnownFileType = sourcecode.swift; path = ScheduleService.swift; sourceTree = "<group>"; };
		9529093D27F8B82900B24C4B /* ScheduleTime.swift */ = {isa = PBXFileReference; lastKnownFileType = sourcecode.swift; path = ScheduleTime.swift; sourceTree = "<group>"; };
		9529093F27F8B9EC00B24C4B /* ScheduleTimeViewModel.swift */ = {isa = PBXFileReference; lastKnownFileType = sourcecode.swift; path = ScheduleTimeViewModel.swift; sourceTree = "<group>"; };
		954486072808AFDD007FF3EC /* AppSettingsView.swift */ = {isa = PBXFileReference; lastKnownFileType = sourcecode.swift; path = AppSettingsView.swift; sourceTree = "<group>"; };
		954486092808B074007FF3EC /* AppSettingsViewModel.swift */ = {isa = PBXFileReference; lastKnownFileType = sourcecode.swift; path = AppSettingsViewModel.swift; sourceTree = "<group>"; };
		9544860C2808B2B6007FF3EC /* AppSettingsVisualModel.swift */ = {isa = PBXFileReference; lastKnownFileType = sourcecode.swift; path = AppSettingsVisualModel.swift; sourceTree = "<group>"; };
		9544860E2808B3AA007FF3EC /* Bundle+Extension.swift */ = {isa = PBXFileReference; lastKnownFileType = sourcecode.swift; path = "Bundle+Extension.swift"; sourceTree = "<group>"; };
		9561526C278F3C3400205A0D /* Digital-Farm-iOS.app */ = {isa = PBXFileReference; explicitFileType = wrapper.application; includeInIndex = 0; path = "Digital-Farm-iOS.app"; sourceTree = BUILT_PRODUCTS_DIR; };
		9561526F278F3C3400205A0D /* Digital_Farm_iOSApp.swift */ = {isa = PBXFileReference; lastKnownFileType = sourcecode.swift; path = Digital_Farm_iOSApp.swift; sourceTree = "<group>"; };
		95615271278F3C3400205A0D /* RootView.swift */ = {isa = PBXFileReference; lastKnownFileType = sourcecode.swift; path = RootView.swift; sourceTree = "<group>"; };
		95615273278F3C3500205A0D /* Assets.xcassets */ = {isa = PBXFileReference; lastKnownFileType = folder.assetcatalog; path = Assets.xcassets; sourceTree = "<group>"; };
		95615276278F3C3500205A0D /* Preview Assets.xcassets */ = {isa = PBXFileReference; lastKnownFileType = folder.assetcatalog; path = "Preview Assets.xcassets"; sourceTree = "<group>"; };
		95615278278F3C3500205A0D /* Info.plist */ = {isa = PBXFileReference; lastKnownFileType = text.plist.xml; path = Info.plist; sourceTree = "<group>"; };
		9561527D278F3C3600205A0D /* Digital-Farm-iOSTests.xctest */ = {isa = PBXFileReference; explicitFileType = wrapper.cfbundle; includeInIndex = 0; path = "Digital-Farm-iOSTests.xctest"; sourceTree = BUILT_PRODUCTS_DIR; };
		95615288278F3C3600205A0D /* Digital-Farm-iOSUITests.xctest */ = {isa = PBXFileReference; explicitFileType = wrapper.cfbundle; includeInIndex = 0; path = "Digital-Farm-iOSUITests.xctest"; sourceTree = BUILT_PRODUCTS_DIR; };
		9561528C278F3C3600205A0D /* Digital_Farm_iOSUITests.swift */ = {isa = PBXFileReference; lastKnownFileType = sourcecode.swift; path = Digital_Farm_iOSUITests.swift; sourceTree = "<group>"; };
		9561528E278F3C3600205A0D /* Info.plist */ = {isa = PBXFileReference; lastKnownFileType = text.plist.xml; path = Info.plist; sourceTree = "<group>"; };
		95615C84278F45C000205A0D /* MainScreenView.swift */ = {isa = PBXFileReference; lastKnownFileType = sourcecode.swift; path = MainScreenView.swift; sourceTree = "<group>"; };
		95615C87278F460500205A0D /* MainScreenViewModel.swift */ = {isa = PBXFileReference; lastKnownFileType = sourcecode.swift; path = MainScreenViewModel.swift; sourceTree = "<group>"; };
		95615C8A278F470300205A0D /* InternetDevice.swift */ = {isa = PBXFileReference; lastKnownFileType = sourcecode.swift; path = InternetDevice.swift; sourceTree = "<group>"; };
		95617060278F683200205A0D /* ru */ = {isa = PBXFileReference; lastKnownFileType = text.plist.strings; name = ru; path = ru.lproj/Localizable.strings; sourceTree = "<group>"; };
		95617066278F697800205A0D /* Localized.swift */ = {isa = PBXFileReference; lastKnownFileType = sourcecode.swift; path = Localized.swift; sourceTree = "<group>"; };
		95617069278F6CC400205A0D /* DeviceService.swift */ = {isa = PBXFileReference; lastKnownFileType = sourcecode.swift; path = DeviceService.swift; sourceTree = "<group>"; };
		9561706B278F71FA00205A0D /* DeviceCellView.swift */ = {isa = PBXFileReference; lastKnownFileType = sourcecode.swift; path = DeviceCellView.swift; sourceTree = "<group>"; };
		9561706E278F725700205A0D /* DeviceCellViewModel.swift */ = {isa = PBXFileReference; lastKnownFileType = sourcecode.swift; path = DeviceCellViewModel.swift; sourceTree = "<group>"; };
		9561E7D127947D4200205A0D /* FeedPusherView.swift */ = {isa = PBXFileReference; lastKnownFileType = sourcecode.swift; path = FeedPusherView.swift; sourceTree = "<group>"; };
		9561E7D327947D7800205A0D /* FeedPusherViewModel.swift */ = {isa = PBXFileReference; lastKnownFileType = sourcecode.swift; path = FeedPusherViewModel.swift; sourceTree = "<group>"; };
		9561E7D6279482C400205A0D /* FeedPusherService.swift */ = {isa = PBXFileReference; lastKnownFileType = sourcecode.swift; path = FeedPusherService.swift; sourceTree = "<group>"; };
		9561E7D92794831900205A0D /* FeedPusher.swift */ = {isa = PBXFileReference; lastKnownFileType = sourcecode.swift; path = FeedPusher.swift; sourceTree = "<group>"; };
		9561E7DC27949CC600205A0D /* InterestStateView.swift */ = {isa = PBXFileReference; lastKnownFileType = sourcecode.swift; path = InterestStateView.swift; sourceTree = "<group>"; };
		9561E7DE27949CF800205A0D /* InterestStateViewModel.swift */ = {isa = PBXFileReference; lastKnownFileType = sourcecode.swift; path = InterestStateViewModel.swift; sourceTree = "<group>"; };
		9561E7E027949D2100205A0D /* Progress.swift */ = {isa = PBXFileReference; lastKnownFileType = sourcecode.swift; path = Progress.swift; sourceTree = "<group>"; };
		9561E7E22794A06300205A0D /* ProgressBar.swift */ = {isa = PBXFileReference; lastKnownFileType = sourcecode.swift; path = ProgressBar.swift; sourceTree = "<group>"; };
		956DCBBB280C3BA700E40DF9 /* UIApplication+Extension.swift */ = {isa = PBXFileReference; lastKnownFileType = sourcecode.swift; path = "UIApplication+Extension.swift"; sourceTree = "<group>"; };
		959EFC0327B80CCD005ED09F /* AnalyticsView.swift */ = {isa = PBXFileReference; lastKnownFileType = sourcecode.swift; path = AnalyticsView.swift; sourceTree = "<group>"; };
		959EFC0527B80CE1005ED09F /* AnalyticsViewModel.swift */ = {isa = PBXFileReference; lastKnownFileType = sourcecode.swift; path = AnalyticsViewModel.swift; sourceTree = "<group>"; };
		959EFC0927B815A2005ED09F /* AnalyticsService.swift */ = {isa = PBXFileReference; lastKnownFileType = sourcecode.swift; path = AnalyticsService.swift; sourceTree = "<group>"; };
		959EFC0B27B815D2005ED09F /* Analytics.swift */ = {isa = PBXFileReference; lastKnownFileType = sourcecode.swift; path = Analytics.swift; sourceTree = "<group>"; };
		95E0386A279F178100ACC9E2 /* InternetDeviceVisualModel.swift */ = {isa = PBXFileReference; lastKnownFileType = sourcecode.swift; path = InternetDeviceVisualModel.swift; sourceTree = "<group>"; };
		95E0DEAE279D837500ACC9E2 /* ServiceMenuView.swift */ = {isa = PBXFileReference; lastKnownFileType = sourcecode.swift; path = ServiceMenuView.swift; sourceTree = "<group>"; };
		95E0DEB0279D838A00ACC9E2 /* ServiceMenuViewModel.swift */ = {isa = PBXFileReference; lastKnownFileType = sourcecode.swift; path = ServiceMenuViewModel.swift; sourceTree = "<group>"; };
		95E0DEB4279D89D900ACC9E2 /* FeedPusherComponent.swift */ = {isa = PBXFileReference; lastKnownFileType = sourcecode.swift; path = FeedPusherComponent.swift; sourceTree = "<group>"; };
		95E0DEB6279D8AF500ACC9E2 /* ComponentsStatusService.swift */ = {isa = PBXFileReference; lastKnownFileType = sourcecode.swift; path = ComponentsStatusService.swift; sourceTree = "<group>"; };
		95E0DEB8279D8F0600ACC9E2 /* FeedPusherComponentVisualModel.swift */ = {isa = PBXFileReference; lastKnownFileType = sourcecode.swift; path = FeedPusherComponentVisualModel.swift; sourceTree = "<group>"; };
		95E3256A27B17C9600B5BD55 /* FeedPusherVisualModel.swift */ = {isa = PBXFileReference; lastKnownFileType = sourcecode.swift; path = FeedPusherVisualModel.swift; sourceTree = "<group>"; };
		95E3256D27B18B3800B5BD55 /* RemoteControlView.swift */ = {isa = PBXFileReference; lastKnownFileType = sourcecode.swift; path = RemoteControlView.swift; sourceTree = "<group>"; };
		95E3256F27B18B5300B5BD55 /* RemoteControlViewModel.swift */ = {isa = PBXFileReference; lastKnownFileType = sourcecode.swift; path = RemoteControlViewModel.swift; sourceTree = "<group>"; };
		95EBD9232798797D00BC4607 /* FeedPusherAction.swift */ = {isa = PBXFileReference; lastKnownFileType = sourcecode.swift; path = FeedPusherAction.swift; sourceTree = "<group>"; };
		95EBD9252798855B00BC4607 /* ActionView.swift */ = {isa = PBXFileReference; lastKnownFileType = sourcecode.swift; path = ActionView.swift; sourceTree = "<group>"; };
		95EBD92A27988F9B00BC4607 /* Digital_Farm_iOSTests.swift */ = {isa = PBXFileReference; fileEncoding = 4; lastKnownFileType = sourcecode.swift; path = Digital_Farm_iOSTests.swift; sourceTree = "<group>"; };
		95EBD92B27988F9B00BC4607 /* Info.plist */ = {isa = PBXFileReference; fileEncoding = 4; lastKnownFileType = text.plist.xml; path = Info.plist; sourceTree = "<group>"; };
/* End PBXFileReference section */

/* Begin PBXFrameworksBuildPhase section */
		95615269278F3C3400205A0D /* Frameworks */ = {
			isa = PBXFrameworksBuildPhase;
			buildActionMask = 2147483647;
			files = (
			);
			runOnlyForDeploymentPostprocessing = 0;
		};
		9561527A278F3C3600205A0D /* Frameworks */ = {
			isa = PBXFrameworksBuildPhase;
			buildActionMask = 2147483647;
			files = (
			);
			runOnlyForDeploymentPostprocessing = 0;
		};
		95615285278F3C3600205A0D /* Frameworks */ = {
			isa = PBXFrameworksBuildPhase;
			buildActionMask = 2147483647;
			files = (
			);
			runOnlyForDeploymentPostprocessing = 0;
		};
/* End PBXFrameworksBuildPhase section */

/* Begin PBXGroup section */
		9529093227F8B39000B24C4B /* Schedule */ = {
			isa = PBXGroup;
			children = (
				9529093C27F8B80600B24C4B /* Models */,
				9529093927F8B6F800B24C4B /* Service */,
				9529093327F8B46200B24C4B /* ScheduleView.swift */,
				9529093527F8B47A00B24C4B /* ScheduleViewModel.swift */,
			);
			path = Schedule;
			sourceTree = "<group>";
		};
		9529093927F8B6F800B24C4B /* Service */ = {
			isa = PBXGroup;
			children = (
				9529093A27F8B70600B24C4B /* ScheduleService.swift */,
			);
			path = Service;
			sourceTree = "<group>";
		};
		9529093C27F8B80600B24C4B /* Models */ = {
			isa = PBXGroup;
			children = (
				9529093D27F8B82900B24C4B /* ScheduleTime.swift */,
				9529093F27F8B9EC00B24C4B /* ScheduleTimeViewModel.swift */,
			);
			path = Models;
			sourceTree = "<group>";
		};
		954486062808AFBC007FF3EC /* AppSettings */ = {
			isa = PBXGroup;
			children = (
				9544860B2808B2A7007FF3EC /* Models */,
				954486072808AFDD007FF3EC /* AppSettingsView.swift */,
				954486092808B074007FF3EC /* AppSettingsViewModel.swift */,
			);
			path = AppSettings;
			sourceTree = "<group>";
		};
		9544860B2808B2A7007FF3EC /* Models */ = {
			isa = PBXGroup;
			children = (
				9544860C2808B2B6007FF3EC /* AppSettingsVisualModel.swift */,
			);
			path = Models;
			sourceTree = "<group>";
		};
		95615263278F3C3400205A0D = {
			isa = PBXGroup;
			children = (
				9561526E278F3C3400205A0D /* Digital-Farm-iOS */,
				95EBD92927988F9B00BC4607 /* Digital-Farm-iOSTests */,
				9561528B278F3C3600205A0D /* Digital-Farm-iOSUITests */,
				9561526D278F3C3400205A0D /* Products */,
			);
			sourceTree = "<group>";
		};
		9561526D278F3C3400205A0D /* Products */ = {
			isa = PBXGroup;
			children = (
				9561526C278F3C3400205A0D /* Digital-Farm-iOS.app */,
				9561527D278F3C3600205A0D /* Digital-Farm-iOSTests.xctest */,
				95615288278F3C3600205A0D /* Digital-Farm-iOSUITests.xctest */,
			);
			name = Products;
			sourceTree = "<group>";
		};
		9561526E278F3C3400205A0D /* Digital-Farm-iOS */ = {
			isa = PBXGroup;
			children = (
				95617065278F696E00205A0D /* Helpers */,
				9561529A278F453000205A0D /* Modules */,
				9561526F278F3C3400205A0D /* Digital_Farm_iOSApp.swift */,
				95615271278F3C3400205A0D /* RootView.swift */,
				95615273278F3C3500205A0D /* Assets.xcassets */,
				95615278278F3C3500205A0D /* Info.plist */,
				95615275278F3C3500205A0D /* Preview Content */,
				95617061278F683200205A0D /* Localizable.strings */,
			);
			path = "Digital-Farm-iOS";
			sourceTree = "<group>";
		};
		95615275278F3C3500205A0D /* Preview Content */ = {
			isa = PBXGroup;
			children = (
				95615276278F3C3500205A0D /* Preview Assets.xcassets */,
			);
			path = "Preview Content";
			sourceTree = "<group>";
		};
		9561528B278F3C3600205A0D /* Digital-Farm-iOSUITests */ = {
			isa = PBXGroup;
			children = (
				9561528C278F3C3600205A0D /* Digital_Farm_iOSUITests.swift */,
				9561528E278F3C3600205A0D /* Info.plist */,
			);
			path = "Digital-Farm-iOSUITests";
			sourceTree = "<group>";
		};
		9561529A278F453000205A0D /* Modules */ = {
			isa = PBXGroup;
			children = (
				954486062808AFBC007FF3EC /* AppSettings */,
				9529093227F8B39000B24C4B /* Schedule */,
				959EFC0227B80CB5005ED09F /* Analytics */,
				95E3256C27B18AF800B5BD55 /* RemoteControl */,
				95E0DEAD279D832900ACC9E2 /* ServiceMenu */,
				9561E7D027947C9500205A0D /* FeedPusher */,
				9561529B278F453D00205A0D /* MainScreen */,
			);
			path = Modules;
			sourceTree = "<group>";
		};
		9561529B278F453D00205A0D /* MainScreen */ = {
			isa = PBXGroup;
			children = (
				9561706D278F723800205A0D /* Views */,
				95617068278F6CB300205A0D /* Service */,
				95615C89278F46DA00205A0D /* Models */,
				95615C84278F45C000205A0D /* MainScreenView.swift */,
				95615C87278F460500205A0D /* MainScreenViewModel.swift */,
			);
			path = MainScreen;
			sourceTree = "<group>";
		};
		95615C89278F46DA00205A0D /* Models */ = {
			isa = PBXGroup;
			children = (
				95615C8A278F470300205A0D /* InternetDevice.swift */,
				95E0386A279F178100ACC9E2 /* InternetDeviceVisualModel.swift */,
			);
			path = Models;
			sourceTree = "<group>";
		};
		95617065278F696E00205A0D /* Helpers */ = {
			isa = PBXGroup;
			children = (
				95617066278F697800205A0D /* Localized.swift */,
				9544860E2808B3AA007FF3EC /* Bundle+Extension.swift */,
				956DCBBB280C3BA700E40DF9 /* UIApplication+Extension.swift */,
			);
			path = Helpers;
			sourceTree = "<group>";
		};
		95617068278F6CB300205A0D /* Service */ = {
			isa = PBXGroup;
			children = (
				95617069278F6CC400205A0D /* DeviceService.swift */,
			);
			path = Service;
			sourceTree = "<group>";
		};
		9561706D278F723800205A0D /* Views */ = {
			isa = PBXGroup;
			children = (
				9561706B278F71FA00205A0D /* DeviceCellView.swift */,
				9561706E278F725700205A0D /* DeviceCellViewModel.swift */,
			);
			path = Views;
			sourceTree = "<group>";
		};
		9561E7D027947C9500205A0D /* FeedPusher */ = {
			isa = PBXGroup;
			children = (
				9561E7DB27949CA900205A0D /* Views */,
				9561E7D82794830700205A0D /* Models */,
				9561E7D5279482A500205A0D /* Service */,
				9561E7D127947D4200205A0D /* FeedPusherView.swift */,
				9561E7D327947D7800205A0D /* FeedPusherViewModel.swift */,
			);
			path = FeedPusher;
			sourceTree = "<group>";
		};
		9561E7D5279482A500205A0D /* Service */ = {
			isa = PBXGroup;
			children = (
				9561E7D6279482C400205A0D /* FeedPusherService.swift */,
			);
			path = Service;
			sourceTree = "<group>";
		};
		9561E7D82794830700205A0D /* Models */ = {
			isa = PBXGroup;
			children = (
				9561E7D92794831900205A0D /* FeedPusher.swift */,
				9561E7E027949D2100205A0D /* Progress.swift */,
				95EBD9232798797D00BC4607 /* FeedPusherAction.swift */,
				95E3256A27B17C9600B5BD55 /* FeedPusherVisualModel.swift */,
			);
			path = Models;
			sourceTree = "<group>";
		};
		9561E7DB27949CA900205A0D /* Views */ = {
			isa = PBXGroup;
			children = (
				9561E7DC27949CC600205A0D /* InterestStateView.swift */,
				9561E7DE27949CF800205A0D /* InterestStateViewModel.swift */,
				9561E7E22794A06300205A0D /* ProgressBar.swift */,
				95EBD9252798855B00BC4607 /* ActionView.swift */,
			);
			path = Views;
			sourceTree = "<group>";
		};
		959EFC0227B80CB5005ED09F /* Analytics */ = {
			isa = PBXGroup;
			children = (
				959EFC0827B812DA005ED09F /* Models */,
				959EFC0727B812CD005ED09F /* Service */,
				959EFC0327B80CCD005ED09F /* AnalyticsView.swift */,
				959EFC0527B80CE1005ED09F /* AnalyticsViewModel.swift */,
			);
			path = Analytics;
			sourceTree = "<group>";
		};
		959EFC0727B812CD005ED09F /* Service */ = {
			isa = PBXGroup;
			children = (
				959EFC0927B815A2005ED09F /* AnalyticsService.swift */,
			);
			path = Service;
			sourceTree = "<group>";
		};
		959EFC0827B812DA005ED09F /* Models */ = {
			isa = PBXGroup;
			children = (
				959EFC0B27B815D2005ED09F /* Analytics.swift */,
				9528754627CBD7CE00281863 /* AnalyticsVisualModel.swift */,
			);
			path = Models;
			sourceTree = "<group>";
		};
		95E0DEAD279D832900ACC9E2 /* ServiceMenu */ = {
			isa = PBXGroup;
			children = (
				95E0DEB2279D897600ACC9E2 /* Models */,
				95E0DEB3279D897E00ACC9E2 /* Service */,
				95E0DEAE279D837500ACC9E2 /* ServiceMenuView.swift */,
				95E0DEB0279D838A00ACC9E2 /* ServiceMenuViewModel.swift */,
			);
			path = ServiceMenu;
			sourceTree = "<group>";
		};
		95E0DEB2279D897600ACC9E2 /* Models */ = {
			isa = PBXGroup;
			children = (
				95E0DEB4279D89D900ACC9E2 /* FeedPusherComponent.swift */,
				95E0DEB8279D8F0600ACC9E2 /* FeedPusherComponentVisualModel.swift */,
			);
			path = Models;
			sourceTree = "<group>";
		};
		95E0DEB3279D897E00ACC9E2 /* Service */ = {
			isa = PBXGroup;
			children = (
				95E0DEB6279D8AF500ACC9E2 /* ComponentsStatusService.swift */,
			);
			path = Service;
			sourceTree = "<group>";
		};
		95E3256C27B18AF800B5BD55 /* RemoteControl */ = {
			isa = PBXGroup;
			children = (
				95E3256D27B18B3800B5BD55 /* RemoteControlView.swift */,
				95E3256F27B18B5300B5BD55 /* RemoteControlViewModel.swift */,
			);
			path = RemoteControl;
			sourceTree = "<group>";
		};
		95EBD92927988F9B00BC4607 /* Digital-Farm-iOSTests */ = {
			isa = PBXGroup;
			children = (
				95EBD92A27988F9B00BC4607 /* Digital_Farm_iOSTests.swift */,
				95EBD92B27988F9B00BC4607 /* Info.plist */,
			);
			path = "Digital-Farm-iOSTests";
			sourceTree = "<group>";
		};
/* End PBXGroup section */

/* Begin PBXNativeTarget section */
		9561526B278F3C3400205A0D /* Digital-Farm-iOS */ = {
			isa = PBXNativeTarget;
			buildConfigurationList = 95615291278F3C3600205A0D /* Build configuration list for PBXNativeTarget "Digital-Farm-iOS" */;
			buildPhases = (
				95615268278F3C3400205A0D /* Sources */,
				95615269278F3C3400205A0D /* Frameworks */,
				9561526A278F3C3400205A0D /* Resources */,
			);
			buildRules = (
			);
			dependencies = (
			);
			name = "Digital-Farm-iOS";
			productName = "Digital-Farm-iOS";
			productReference = 9561526C278F3C3400205A0D /* Digital-Farm-iOS.app */;
			productType = "com.apple.product-type.application";
		};
		9561527C278F3C3600205A0D /* Digital-Farm-iOSTests */ = {
			isa = PBXNativeTarget;
			buildConfigurationList = 95615294278F3C3600205A0D /* Build configuration list for PBXNativeTarget "Digital-Farm-iOSTests" */;
			buildPhases = (
				95615279278F3C3600205A0D /* Sources */,
				9561527A278F3C3600205A0D /* Frameworks */,
				9561527B278F3C3600205A0D /* Resources */,
			);
			buildRules = (
			);
			dependencies = (
				9561527F278F3C3600205A0D /* PBXTargetDependency */,
			);
			name = "Digital-Farm-iOSTests";
			productName = "Digital-Farm-iOSTests";
			productReference = 9561527D278F3C3600205A0D /* Digital-Farm-iOSTests.xctest */;
			productType = "com.apple.product-type.bundle.unit-test";
		};
		95615287278F3C3600205A0D /* Digital-Farm-iOSUITests */ = {
			isa = PBXNativeTarget;
			buildConfigurationList = 95615297278F3C3600205A0D /* Build configuration list for PBXNativeTarget "Digital-Farm-iOSUITests" */;
			buildPhases = (
				95615284278F3C3600205A0D /* Sources */,
				95615285278F3C3600205A0D /* Frameworks */,
				95615286278F3C3600205A0D /* Resources */,
			);
			buildRules = (
			);
			dependencies = (
				9561528A278F3C3600205A0D /* PBXTargetDependency */,
			);
			name = "Digital-Farm-iOSUITests";
			productName = "Digital-Farm-iOSUITests";
			productReference = 95615288278F3C3600205A0D /* Digital-Farm-iOSUITests.xctest */;
			productType = "com.apple.product-type.bundle.ui-testing";
		};
/* End PBXNativeTarget section */

/* Begin PBXProject section */
		95615264278F3C3400205A0D /* Project object */ = {
			isa = PBXProject;
			attributes = {
				LastSwiftUpdateCheck = 1250;
				LastUpgradeCheck = 1250;
				TargetAttributes = {
					9561526B278F3C3400205A0D = {
						CreatedOnToolsVersion = 12.5.1;
					};
					9561527C278F3C3600205A0D = {
						CreatedOnToolsVersion = 12.5.1;
						TestTargetID = 9561526B278F3C3400205A0D;
					};
					95615287278F3C3600205A0D = {
						CreatedOnToolsVersion = 12.5.1;
						TestTargetID = 9561526B278F3C3400205A0D;
					};
				};
			};
			buildConfigurationList = 95615267278F3C3400205A0D /* Build configuration list for PBXProject "Digital-Farm-iOS" */;
			compatibilityVersion = "Xcode 9.3";
			developmentRegion = en;
			hasScannedForEncodings = 0;
			knownRegions = (
				en,
				ru,
			);
			mainGroup = 95615263278F3C3400205A0D;
			productRefGroup = 9561526D278F3C3400205A0D /* Products */;
			projectDirPath = "";
			projectRoot = "";
			targets = (
				9561526B278F3C3400205A0D /* Digital-Farm-iOS */,
				9561527C278F3C3600205A0D /* Digital-Farm-iOSTests */,
				95615287278F3C3600205A0D /* Digital-Farm-iOSUITests */,
			);
		};
/* End PBXProject section */

/* Begin PBXResourcesBuildPhase section */
		9561526A278F3C3400205A0D /* Resources */ = {
			isa = PBXResourcesBuildPhase;
			buildActionMask = 2147483647;
			files = (
				95615277278F3C3500205A0D /* Preview Assets.xcassets in Resources */,
				9561705F278F683200205A0D /* Localizable.strings in Resources */,
				95615274278F3C3500205A0D /* Assets.xcassets in Resources */,
			);
			runOnlyForDeploymentPostprocessing = 0;
		};
		9561527B278F3C3600205A0D /* Resources */ = {
			isa = PBXResourcesBuildPhase;
			buildActionMask = 2147483647;
			files = (
			);
			runOnlyForDeploymentPostprocessing = 0;
		};
		95615286278F3C3600205A0D /* Resources */ = {
			isa = PBXResourcesBuildPhase;
			buildActionMask = 2147483647;
			files = (
			);
			runOnlyForDeploymentPostprocessing = 0;
		};
/* End PBXResourcesBuildPhase section */

/* Begin PBXSourcesBuildPhase section */
		95615268278F3C3400205A0D /* Sources */ = {
			isa = PBXSourcesBuildPhase;
			buildActionMask = 2147483647;
			files = (
				95E0DEB5279D89D900ACC9E2 /* FeedPusherComponent.swift in Sources */,
				9544860F2808B3AA007FF3EC /* Bundle+Extension.swift in Sources */,
				95E3256E27B18B3800B5BD55 /* RemoteControlView.swift in Sources */,
				95615272278F3C3400205A0D /* RootView.swift in Sources */,
				9529093627F8B47A00B24C4B /* ScheduleViewModel.swift in Sources */,
				9561E7E32794A06300205A0D /* ProgressBar.swift in Sources */,
				959EFC0427B80CCD005ED09F /* AnalyticsView.swift in Sources */,
				9561E7D227947D4300205A0D /* FeedPusherView.swift in Sources */,
				9561E7D427947D7800205A0D /* FeedPusherViewModel.swift in Sources */,
				9529093427F8B46200B24C4B /* ScheduleView.swift in Sources */,
				959EFC0A27B815A2005ED09F /* AnalyticsService.swift in Sources */,
				9528754727CBD7CE00281863 /* AnalyticsVisualModel.swift in Sources */,
				9561E7DF27949CF800205A0D /* InterestStateViewModel.swift in Sources */,
				95E0DEB7279D8AF500ACC9E2 /* ComponentsStatusService.swift in Sources */,
				9561E7E127949D2100205A0D /* Progress.swift in Sources */,
				95615C8B278F470300205A0D /* InternetDevice.swift in Sources */,
				9561706F278F725700205A0D /* DeviceCellViewModel.swift in Sources */,
				954486082808AFDD007FF3EC /* AppSettingsView.swift in Sources */,
				956DCBBC280C3BA700E40DF9 /* UIApplication+Extension.swift in Sources */,
				9529094027F8B9EC00B24C4B /* ScheduleTimeViewModel.swift in Sources */,
				95E0DEB1279D838A00ACC9E2 /* ServiceMenuViewModel.swift in Sources */,
				9544860A2808B074007FF3EC /* AppSettingsViewModel.swift in Sources */,
				95E3257027B18B5300B5BD55 /* RemoteControlViewModel.swift in Sources */,
				9561E7DA2794831900205A0D /* FeedPusher.swift in Sources */,
				95E0386B279F178100ACC9E2 /* InternetDeviceVisualModel.swift in Sources */,
				95615C88278F460500205A0D /* MainScreenViewModel.swift in Sources */,
				959EFC0C27B815D2005ED09F /* Analytics.swift in Sources */,
				9561706C278F71FA00205A0D /* DeviceCellView.swift in Sources */,
				95615C85278F45C000205A0D /* MainScreenView.swift in Sources */,
				95615270278F3C3400205A0D /* Digital_Farm_iOSApp.swift in Sources */,
				95E0DEAF279D837500ACC9E2 /* ServiceMenuView.swift in Sources */,
				95EBD9262798855B00BC4607 /* ActionView.swift in Sources */,
				9561706A278F6CC400205A0D /* DeviceService.swift in Sources */,
				9529093E27F8B82900B24C4B /* ScheduleTime.swift in Sources */,
				95E0DEB9279D8F0600ACC9E2 /* FeedPusherComponentVisualModel.swift in Sources */,
				9544860D2808B2B6007FF3EC /* AppSettingsVisualModel.swift in Sources */,
				95EBD9242798797D00BC4607 /* FeedPusherAction.swift in Sources */,
				9529093B27F8B70600B24C4B /* ScheduleService.swift in Sources */,
				95E3256B27B17C9600B5BD55 /* FeedPusherVisualModel.swift in Sources */,
				9561E7DD27949CC600205A0D /* InterestStateView.swift in Sources */,
				9561E7D7279482C400205A0D /* FeedPusherService.swift in Sources */,
				95617067278F697800205A0D /* Localized.swift in Sources */,
				959EFC0627B80CE1005ED09F /* AnalyticsViewModel.swift in Sources */,
			);
			runOnlyForDeploymentPostprocessing = 0;
		};
		95615279278F3C3600205A0D /* Sources */ = {
			isa = PBXSourcesBuildPhase;
			buildActionMask = 2147483647;
			files = (
				95EBD92C27988F9B00BC4607 /* Digital_Farm_iOSTests.swift in Sources */,
			);
			runOnlyForDeploymentPostprocessing = 0;
		};
		95615284278F3C3600205A0D /* Sources */ = {
			isa = PBXSourcesBuildPhase;
			buildActionMask = 2147483647;
			files = (
				9561528D278F3C3600205A0D /* Digital_Farm_iOSUITests.swift in Sources */,
			);
			runOnlyForDeploymentPostprocessing = 0;
		};
/* End PBXSourcesBuildPhase section */

/* Begin PBXTargetDependency section */
		9561527F278F3C3600205A0D /* PBXTargetDependency */ = {
			isa = PBXTargetDependency;
			target = 9561526B278F3C3400205A0D /* Digital-Farm-iOS */;
			targetProxy = 9561527E278F3C3600205A0D /* PBXContainerItemProxy */;
		};
		9561528A278F3C3600205A0D /* PBXTargetDependency */ = {
			isa = PBXTargetDependency;
			target = 9561526B278F3C3400205A0D /* Digital-Farm-iOS */;
			targetProxy = 95615289278F3C3600205A0D /* PBXContainerItemProxy */;
		};
/* End PBXTargetDependency section */

/* Begin PBXVariantGroup section */
		95617061278F683200205A0D /* Localizable.strings */ = {
			isa = PBXVariantGroup;
			children = (
				95617060278F683200205A0D /* ru */,
			);
			name = Localizable.strings;
			sourceTree = "<group>";
		};
/* End PBXVariantGroup section */

/* Begin XCBuildConfiguration section */
		9561528F278F3C3600205A0D /* Debug */ = {
			isa = XCBuildConfiguration;
			buildSettings = {
				ALWAYS_SEARCH_USER_PATHS = NO;
				CLANG_ANALYZER_NONNULL = YES;
				CLANG_ANALYZER_NUMBER_OBJECT_CONVERSION = YES_AGGRESSIVE;
				CLANG_CXX_LANGUAGE_STANDARD = "gnu++14";
				CLANG_CXX_LIBRARY = "libc++";
				CLANG_ENABLE_MODULES = YES;
				CLANG_ENABLE_OBJC_ARC = YES;
				CLANG_ENABLE_OBJC_WEAK = YES;
				CLANG_WARN_BLOCK_CAPTURE_AUTORELEASING = YES;
				CLANG_WARN_BOOL_CONVERSION = YES;
				CLANG_WARN_COMMA = YES;
				CLANG_WARN_CONSTANT_CONVERSION = YES;
				CLANG_WARN_DEPRECATED_OBJC_IMPLEMENTATIONS = YES;
				CLANG_WARN_DIRECT_OBJC_ISA_USAGE = YES_ERROR;
				CLANG_WARN_DOCUMENTATION_COMMENTS = YES;
				CLANG_WARN_EMPTY_BODY = YES;
				CLANG_WARN_ENUM_CONVERSION = YES;
				CLANG_WARN_INFINITE_RECURSION = YES;
				CLANG_WARN_INT_CONVERSION = YES;
				CLANG_WARN_NON_LITERAL_NULL_CONVERSION = YES;
				CLANG_WARN_OBJC_IMPLICIT_RETAIN_SELF = YES;
				CLANG_WARN_OBJC_LITERAL_CONVERSION = YES;
				CLANG_WARN_OBJC_ROOT_CLASS = YES_ERROR;
				CLANG_WARN_QUOTED_INCLUDE_IN_FRAMEWORK_HEADER = YES;
				CLANG_WARN_RANGE_LOOP_ANALYSIS = YES;
				CLANG_WARN_STRICT_PROTOTYPES = YES;
				CLANG_WARN_SUSPICIOUS_MOVE = YES;
				CLANG_WARN_UNGUARDED_AVAILABILITY = YES_AGGRESSIVE;
				CLANG_WARN_UNREACHABLE_CODE = YES;
				CLANG_WARN__DUPLICATE_METHOD_MATCH = YES;
				COPY_PHASE_STRIP = NO;
				DEBUG_INFORMATION_FORMAT = dwarf;
				ENABLE_STRICT_OBJC_MSGSEND = YES;
				ENABLE_TESTABILITY = YES;
				GCC_C_LANGUAGE_STANDARD = gnu11;
				GCC_DYNAMIC_NO_PIC = NO;
				GCC_NO_COMMON_BLOCKS = YES;
				GCC_OPTIMIZATION_LEVEL = 0;
				GCC_PREPROCESSOR_DEFINITIONS = (
					"DEBUG=1",
					"$(inherited)",
				);
				GCC_WARN_64_TO_32_BIT_CONVERSION = YES;
				GCC_WARN_ABOUT_RETURN_TYPE = YES_ERROR;
				GCC_WARN_UNDECLARED_SELECTOR = YES;
				GCC_WARN_UNINITIALIZED_AUTOS = YES_AGGRESSIVE;
				GCC_WARN_UNUSED_FUNCTION = YES;
				GCC_WARN_UNUSED_VARIABLE = YES;
				IPHONEOS_DEPLOYMENT_TARGET = 14.5;
				MTL_ENABLE_DEBUG_INFO = INCLUDE_SOURCE;
				MTL_FAST_MATH = YES;
				ONLY_ACTIVE_ARCH = YES;
				SDKROOT = iphoneos;
				SWIFT_ACTIVE_COMPILATION_CONDITIONS = DEBUG;
				SWIFT_OPTIMIZATION_LEVEL = "-Onone";
			};
			name = Debug;
		};
		95615290278F3C3600205A0D /* Release */ = {
			isa = XCBuildConfiguration;
			buildSettings = {
				ALWAYS_SEARCH_USER_PATHS = NO;
				CLANG_ANALYZER_NONNULL = YES;
				CLANG_ANALYZER_NUMBER_OBJECT_CONVERSION = YES_AGGRESSIVE;
				CLANG_CXX_LANGUAGE_STANDARD = "gnu++14";
				CLANG_CXX_LIBRARY = "libc++";
				CLANG_ENABLE_MODULES = YES;
				CLANG_ENABLE_OBJC_ARC = YES;
				CLANG_ENABLE_OBJC_WEAK = YES;
				CLANG_WARN_BLOCK_CAPTURE_AUTORELEASING = YES;
				CLANG_WARN_BOOL_CONVERSION = YES;
				CLANG_WARN_COMMA = YES;
				CLANG_WARN_CONSTANT_CONVERSION = YES;
				CLANG_WARN_DEPRECATED_OBJC_IMPLEMENTATIONS = YES;
				CLANG_WARN_DIRECT_OBJC_ISA_USAGE = YES_ERROR;
				CLANG_WARN_DOCUMENTATION_COMMENTS = YES;
				CLANG_WARN_EMPTY_BODY = YES;
				CLANG_WARN_ENUM_CONVERSION = YES;
				CLANG_WARN_INFINITE_RECURSION = YES;
				CLANG_WARN_INT_CONVERSION = YES;
				CLANG_WARN_NON_LITERAL_NULL_CONVERSION = YES;
				CLANG_WARN_OBJC_IMPLICIT_RETAIN_SELF = YES;
				CLANG_WARN_OBJC_LITERAL_CONVERSION = YES;
				CLANG_WARN_OBJC_ROOT_CLASS = YES_ERROR;
				CLANG_WARN_QUOTED_INCLUDE_IN_FRAMEWORK_HEADER = YES;
				CLANG_WARN_RANGE_LOOP_ANALYSIS = YES;
				CLANG_WARN_STRICT_PROTOTYPES = YES;
				CLANG_WARN_SUSPICIOUS_MOVE = YES;
				CLANG_WARN_UNGUARDED_AVAILABILITY = YES_AGGRESSIVE;
				CLANG_WARN_UNREACHABLE_CODE = YES;
				CLANG_WARN__DUPLICATE_METHOD_MATCH = YES;
				COPY_PHASE_STRIP = NO;
				DEBUG_INFORMATION_FORMAT = "dwarf-with-dsym";
				ENABLE_NS_ASSERTIONS = NO;
				ENABLE_STRICT_OBJC_MSGSEND = YES;
				GCC_C_LANGUAGE_STANDARD = gnu11;
				GCC_NO_COMMON_BLOCKS = YES;
				GCC_WARN_64_TO_32_BIT_CONVERSION = YES;
				GCC_WARN_ABOUT_RETURN_TYPE = YES_ERROR;
				GCC_WARN_UNDECLARED_SELECTOR = YES;
				GCC_WARN_UNINITIALIZED_AUTOS = YES_AGGRESSIVE;
				GCC_WARN_UNUSED_FUNCTION = YES;
				GCC_WARN_UNUSED_VARIABLE = YES;
				IPHONEOS_DEPLOYMENT_TARGET = 14.5;
				MTL_ENABLE_DEBUG_INFO = NO;
				MTL_FAST_MATH = YES;
				SDKROOT = iphoneos;
				SWIFT_COMPILATION_MODE = wholemodule;
				SWIFT_OPTIMIZATION_LEVEL = "-O";
				VALIDATE_PRODUCT = YES;
			};
			name = Release;
		};
		95615292278F3C3600205A0D /* Debug */ = {
			isa = XCBuildConfiguration;
			buildSettings = {
				ASSETCATALOG_COMPILER_APPICON_NAME = AppIcon;
				ASSETCATALOG_COMPILER_GLOBAL_ACCENT_COLOR_NAME = AccentColor;
				CODE_SIGN_STYLE = Automatic;
				CURRENT_PROJECT_VERSION = 1;
				DEVELOPMENT_ASSET_PATHS = "\"Digital-Farm-iOS/Preview Content\"";
				DEVELOPMENT_TEAM = L75X824A8X;
				ENABLE_PREVIEWS = YES;
				INFOPLIST_FILE = "Digital-Farm-iOS/Info.plist";
				IPHONEOS_DEPLOYMENT_TARGET = 15.0;
				LD_RUNPATH_SEARCH_PATHS = (
					"$(inherited)",
					"@executable_path/Frameworks",
				);
				MARKETING_VERSION = 0.2.0;
				PRODUCT_BUNDLE_IDENTIFIER = "ru.vim.Digital-Farm-iOS";
				PRODUCT_NAME = "$(TARGET_NAME)";
				SWIFT_VERSION = 5.0;
				TARGETED_DEVICE_FAMILY = "1,2";
			};
			name = Debug;
		};
		95615293278F3C3600205A0D /* Release */ = {
			isa = XCBuildConfiguration;
			buildSettings = {
				ASSETCATALOG_COMPILER_APPICON_NAME = AppIcon;
				ASSETCATALOG_COMPILER_GLOBAL_ACCENT_COLOR_NAME = AccentColor;
				CODE_SIGN_STYLE = Automatic;
				CURRENT_PROJECT_VERSION = 1;
				DEVELOPMENT_ASSET_PATHS = "\"Digital-Farm-iOS/Preview Content\"";
				DEVELOPMENT_TEAM = L75X824A8X;
				ENABLE_PREVIEWS = YES;
				INFOPLIST_FILE = "Digital-Farm-iOS/Info.plist";
				IPHONEOS_DEPLOYMENT_TARGET = 15.0;
				LD_RUNPATH_SEARCH_PATHS = (
					"$(inherited)",
					"@executable_path/Frameworks",
				);
				MARKETING_VERSION = 0.2.0;
				PRODUCT_BUNDLE_IDENTIFIER = "ru.vim.Digital-Farm-iOS";
				PRODUCT_NAME = "$(TARGET_NAME)";
				SWIFT_VERSION = 5.0;
				TARGETED_DEVICE_FAMILY = "1,2";
			};
			name = Release;
		};
		95615295278F3C3600205A0D /* Debug */ = {
			isa = XCBuildConfiguration;
			buildSettings = {
				ALWAYS_EMBED_SWIFT_STANDARD_LIBRARIES = YES;
				BUNDLE_LOADER = "$(TEST_HOST)";
				CODE_SIGN_STYLE = Automatic;
				INFOPLIST_FILE = "Digital-Farm-iOSTests/Info.plist";
				IPHONEOS_DEPLOYMENT_TARGET = 14.0;
				LD_RUNPATH_SEARCH_PATHS = (
					"$(inherited)",
					"@executable_path/Frameworks",
					"@loader_path/Frameworks",
				);
				PRODUCT_BUNDLE_IDENTIFIER = "vim.Digital-Farm-iOSTests";
				PRODUCT_NAME = "$(TARGET_NAME)";
				SWIFT_VERSION = 5.0;
				TARGETED_DEVICE_FAMILY = "1,2";
				TEST_HOST = "$(BUILT_PRODUCTS_DIR)/Digital-Farm-iOS.app/Digital-Farm-iOS";
			};
			name = Debug;
		};
		95615296278F3C3600205A0D /* Release */ = {
			isa = XCBuildConfiguration;
			buildSettings = {
				ALWAYS_EMBED_SWIFT_STANDARD_LIBRARIES = YES;
				BUNDLE_LOADER = "$(TEST_HOST)";
				CODE_SIGN_STYLE = Automatic;
				INFOPLIST_FILE = "Digital-Farm-iOSTests/Info.plist";
				IPHONEOS_DEPLOYMENT_TARGET = 14.0;
				LD_RUNPATH_SEARCH_PATHS = (
					"$(inherited)",
					"@executable_path/Frameworks",
					"@loader_path/Frameworks",
				);
				PRODUCT_BUNDLE_IDENTIFIER = "vim.Digital-Farm-iOSTests";
				PRODUCT_NAME = "$(TARGET_NAME)";
				SWIFT_VERSION = 5.0;
				TARGETED_DEVICE_FAMILY = "1,2";
				TEST_HOST = "$(BUILT_PRODUCTS_DIR)/Digital-Farm-iOS.app/Digital-Farm-iOS";
			};
			name = Release;
		};
		95615298278F3C3600205A0D /* Debug */ = {
			isa = XCBuildConfiguration;
			buildSettings = {
				ALWAYS_EMBED_SWIFT_STANDARD_LIBRARIES = YES;
				CODE_SIGN_STYLE = Automatic;
				INFOPLIST_FILE = "Digital-Farm-iOSUITests/Info.plist";
				LD_RUNPATH_SEARCH_PATHS = (
					"$(inherited)",
					"@executable_path/Frameworks",
					"@loader_path/Frameworks",
				);
				PRODUCT_BUNDLE_IDENTIFIER = "vim.Digital-Farm-iOSUITests";
				PRODUCT_NAME = "$(TARGET_NAME)";
				SWIFT_VERSION = 5.0;
				TARGETED_DEVICE_FAMILY = "1,2";
				TEST_TARGET_NAME = "Digital-Farm-iOS";
			};
			name = Debug;
		};
		95615299278F3C3600205A0D /* Release */ = {
			isa = XCBuildConfiguration;
			buildSettings = {
				ALWAYS_EMBED_SWIFT_STANDARD_LIBRARIES = YES;
				CODE_SIGN_STYLE = Automatic;
				INFOPLIST_FILE = "Digital-Farm-iOSUITests/Info.plist";
				LD_RUNPATH_SEARCH_PATHS = (
					"$(inherited)",
					"@executable_path/Frameworks",
					"@loader_path/Frameworks",
				);
				PRODUCT_BUNDLE_IDENTIFIER = "vim.Digital-Farm-iOSUITests";
				PRODUCT_NAME = "$(TARGET_NAME)";
				SWIFT_VERSION = 5.0;
				TARGETED_DEVICE_FAMILY = "1,2";
				TEST_TARGET_NAME = "Digital-Farm-iOS";
			};
			name = Release;
		};
/* End XCBuildConfiguration section */

/* Begin XCConfigurationList section */
		95615267278F3C3400205A0D /* Build configuration list for PBXProject "Digital-Farm-iOS" */ = {
			isa = XCConfigurationList;
			buildConfigurations = (
				9561528F278F3C3600205A0D /* Debug */,
				95615290278F3C3600205A0D /* Release */,
			);
			defaultConfigurationIsVisible = 0;
			defaultConfigurationName = Release;
		};
		95615291278F3C3600205A0D /* Build configuration list for PBXNativeTarget "Digital-Farm-iOS" */ = {
			isa = XCConfigurationList;
			buildConfigurations = (
				95615292278F3C3600205A0D /* Debug */,
				95615293278F3C3600205A0D /* Release */,
			);
			defaultConfigurationIsVisible = 0;
			defaultConfigurationName = Release;
		};
		95615294278F3C3600205A0D /* Build configuration list for PBXNativeTarget "Digital-Farm-iOSTests" */ = {
			isa = XCConfigurationList;
			buildConfigurations = (
				95615295278F3C3600205A0D /* Debug */,
				95615296278F3C3600205A0D /* Release */,
			);
			defaultConfigurationIsVisible = 0;
			defaultConfigurationName = Release;
		};
		95615297278F3C3600205A0D /* Build configuration list for PBXNativeTarget "Digital-Farm-iOSUITests" */ = {
			isa = XCConfigurationList;
			buildConfigurations = (
				95615298278F3C3600205A0D /* Debug */,
				95615299278F3C3600205A0D /* Release */,
			);
			defaultConfigurationIsVisible = 0;
			defaultConfigurationName = Release;
		};
/* End XCConfigurationList section */
	};
	rootObject = 95615264278F3C3400205A0D /* Project object */;
}
